
Microsoft Visual Studio Solution File, Format Version 12.00
# Visual Studio Version 16
VisualStudioVersion = 16.0.31515.178
MinimumVisualStudioVersion = 10.0.40219.1
Project("{FAE04EC0-301F-11D3-BF4B-00C04F79EFBC}") = "PersonalExpense", "PersonalExpense.csproj", "{DDFFC6CB-2078-4A67-BFB3-9CDAD509DA14}"
EndProject
Global
	GlobalSection(SolutionConfigurationPlatforms) = preSolution
		Debug|Any CPU = Debug|Any CPU
		Release|Any CPU = Release|Any CPU
	EndGlobalSection
	GlobalSection(ProjectConfigurationPlatforms) = postSolution
		{DDFFC6CB-2078-4A67-BFB3-9CDAD509DA14}.Debug|Any CPU.ActiveCfg = Debug|Any CPU
		{DDFFC6CB-2078-4A67-BFB3-9CDAD509DA14}.Debug|Any CPU.Build.0 = Debug|Any CPU
		{DDFFC6CB-2078-4A67-BFB3-9CDAD509DA14}.Release|Any CPU.ActiveCfg = Release|Any CPU
		{DDFFC6CB-2078-4A67-BFB3-9CDAD509DA14}.Release|Any CPU.Build.0 = Release|Any CPU
	EndGlobalSection
	GlobalSection(SolutionProperties) = preSolution
		HideSolutionNode = FALSE
	EndGlobalSection
	GlobalSection(ExtensibilityGlobals) = postSolution
		SolutionGuid = {26714F4E-2BB5-47BB-B7A3-18EFAE0811B3}
	EndGlobalSection
EndGlobal
